
Microsoft Visual Studio Solution File, Format Version 12.00
# Visual Studio Version 16
VisualStudioVersion = 16.0.29926.136
MinimumVisualStudioVersion = 10.0.40219.1
Project("{FAE04EC0-301F-11D3-BF4B-00C04F79EFBC}") = "CapaVista", "CapaVista\CapaVista.csproj", "{D27FC12A-F8AD-479F-A9EC-EF9599A1B307}"
EndProject
Project("{FAE04EC0-301F-11D3-BF4B-00C04F79EFBC}") = "CapaControlador", "CapaControlador\CapaControlador.csproj", "{AF1B29B1-20FB-4888-8B56-48121193EFBC}"
EndProject
Project("{FAE04EC0-301F-11D3-BF4B-00C04F79EFBC}") = "CapaModelo", "CapaModelo\CapaModelo.csproj", "{39B517AC-BC9D-40B6-AA30-D134D86EB676}"
EndProject
Global
	GlobalSection(SolutionConfigurationPlatforms) = preSolution
		Debug|Any CPU = Debug|Any CPU
		Release|Any CPU = Release|Any CPU
	EndGlobalSection
	GlobalSection(ProjectConfigurationPlatforms) = postSolution
		{D27FC12A-F8AD-479F-A9EC-EF9599A1B307}.Debug|Any CPU.ActiveCfg = Debug|Any CPU
		{D27FC12A-F8AD-479F-A9EC-EF9599A1B307}.Debug|Any CPU.Build.0 = Debug|Any CPU
		{D27FC12A-F8AD-479F-A9EC-EF9599A1B307}.Release|Any CPU.ActiveCfg = Release|Any CPU
		{D27FC12A-F8AD-479F-A9EC-EF9599A1B307}.Release|Any CPU.Build.0 = Release|Any CPU
		{AF1B29B1-20FB-4888-8B56-48121193EFBC}.Debug|Any CPU.ActiveCfg = Debug|Any CPU
		{AF1B29B1-20FB-4888-8B56-48121193EFBC}.Debug|Any CPU.Build.0 = Debug|Any CPU
		{AF1B29B1-20FB-4888-8B56-48121193EFBC}.Release|Any CPU.ActiveCfg = Release|Any CPU
		{AF1B29B1-20FB-4888-8B56-48121193EFBC}.Release|Any CPU.Build.0 = Release|Any CPU
		{39B517AC-BC9D-40B6-AA30-D134D86EB676}.Debug|Any CPU.ActiveCfg = Debug|Any CPU
		{39B517AC-BC9D-40B6-AA30-D134D86EB676}.Debug|Any CPU.Build.0 = Debug|Any CPU
		{39B517AC-BC9D-40B6-AA30-D134D86EB676}.Release|Any CPU.ActiveCfg = Release|Any CPU
		{39B517AC-BC9D-40B6-AA30-D134D86EB676}.Release|Any CPU.Build.0 = Release|Any CPU
	EndGlobalSection
	GlobalSection(SolutionProperties) = preSolution
		HideSolutionNode = FALSE
	EndGlobalSection
	GlobalSection(ExtensibilityGlobals) = postSolution
		SolutionGuid = {558E297C-0D9F-4BC4-B161-4966199F5204}
	EndGlobalSection
EndGlobal
